
Microsoft Visual Studio Solution File, Format Version 12.00
# Visual Studio Version 17
VisualStudioVersion = 17.14.36301.6
MinimumVisualStudioVersion = 10.0.40219.1
Project("{FAE04EC0-301F-11D3-BF4B-00C04F79EFBC}") = "StewardshipSurvey", "StewardshipSurvey\StewardshipSurvey.csproj", "{14AE4D37-A59F-43C6-9D1C-A26065433E29}"
EndProject
Project("{FAE04EC0-301F-11D3-BF4B-00C04F79EFBC}") = "StewardshipSurvey.Tests", "StewardshipSurvey.Tests\StewardshipSurvey.Tests.csproj", "{82AA2B91-CCE2-4307-9A9D-FC7B67E6E81A}"
EndProject
Global
	GlobalSection(SolutionConfigurationPlatforms) = preSolution
		Debug|Any CPU = Debug|Any CPU
		Debug|x64 = Debug|x64
		Debug|x86 = Debug|x86
		Release|Any CPU = Release|Any CPU
		Release|x64 = Release|x64
		Release|x86 = Release|x86
	EndGlobalSection
	GlobalSection(ProjectConfigurationPlatforms) = postSolution
		{14AE4D37-A59F-43C6-9D1C-A26065433E29}.Debug|Any CPU.ActiveCfg = Debug|Any CPU
		{14AE4D37-A59F-43C6-9D1C-A26065433E29}.Debug|Any CPU.Build.0 = Debug|Any CPU
		{14AE4D37-A59F-43C6-9D1C-A26065433E29}.Debug|x64.ActiveCfg = Debug|Any CPU
		{14AE4D37-A59F-43C6-9D1C-A26065433E29}.Debug|x64.Build.0 = Debug|Any CPU
		{14AE4D37-A59F-43C6-9D1C-A26065433E29}.Debug|x86.ActiveCfg = Debug|Any CPU
		{14AE4D37-A59F-43C6-9D1C-A26065433E29}.Debug|x86.Build.0 = Debug|Any CPU
		{14AE4D37-A59F-43C6-9D1C-A26065433E29}.Release|Any CPU.ActiveCfg = Release|Any CPU
		{14AE4D37-A59F-43C6-9D1C-A26065433E29}.Release|Any CPU.Build.0 = Release|Any CPU
		{14AE4D37-A59F-43C6-9D1C-A26065433E29}.Release|x64.ActiveCfg = Release|Any CPU
		{14AE4D37-A59F-43C6-9D1C-A26065433E29}.Release|x64.Build.0 = Release|Any CPU
		{14AE4D37-A59F-43C6-9D1C-A26065433E29}.Release|x86.ActiveCfg = Release|Any CPU
		{14AE4D37-A59F-43C6-9D1C-A26065433E29}.Release|x86.Build.0 = Release|Any CPU
		{82AA2B91-CCE2-4307-9A9D-FC7B67E6E81A}.Debug|Any CPU.ActiveCfg = Debug|Any CPU
		{82AA2B91-CCE2-4307-9A9D-FC7B67E6E81A}.Debug|Any CPU.Build.0 = Debug|Any CPU
		{82AA2B91-CCE2-4307-9A9D-FC7B67E6E81A}.Debug|x64.ActiveCfg = Debug|Any CPU
		{82AA2B91-CCE2-4307-9A9D-FC7B67E6E81A}.Debug|x64.Build.0 = Debug|Any CPU
		{82AA2B91-CCE2-4307-9A9D-FC7B67E6E81A}.Debug|x86.ActiveCfg = Debug|Any CPU
		{82AA2B91-CCE2-4307-9A9D-FC7B67E6E81A}.Debug|x86.Build.0 = Debug|Any CPU
		{82AA2B91-CCE2-4307-9A9D-FC7B67E6E81A}.Release|Any CPU.ActiveCfg = Release|Any CPU
		{82AA2B91-CCE2-4307-9A9D-FC7B67E6E81A}.Release|Any CPU.Build.0 = Release|Any CPU
		{82AA2B91-CCE2-4307-9A9D-FC7B67E6E81A}.Release|x64.ActiveCfg = Release|Any CPU
		{82AA2B91-CCE2-4307-9A9D-FC7B67E6E81A}.Release|x64.Build.0 = Release|Any CPU
		{82AA2B91-CCE2-4307-9A9D-FC7B67E6E81A}.Release|x86.ActiveCfg = Release|Any CPU
		{82AA2B91-CCE2-4307-9A9D-FC7B67E6E81A}.Release|x86.Build.0 = Release|Any CPU
	EndGlobalSection
	GlobalSection(SolutionProperties) = preSolution
		HideSolutionNode = FALSE
	EndGlobalSection
	GlobalSection(ExtensibilityGlobals) = postSolution
		SolutionGuid = {F2B235EE-B156-4751-B3FE-85CE660248EA}
	EndGlobalSection
EndGlobal
